
Microsoft Visual Studio Solution File, Format Version 12.00
# Visual Studio Version 16
VisualStudioVersion = 16.0.30804.86
MinimumVisualStudioVersion = 10.0.40219.1
Project("{FAE04EC0-301F-11D3-BF4B-00C04F79EFBC}") = "Stratford Grocery", "Stratford Grocery\Stratford Grocery.csproj", "{1E05A485-CE84-4C7A-A749-61F8299981E5}"
EndProject
Global
	GlobalSection(SolutionConfigurationPlatforms) = preSolution
		Debug|Any CPU = Debug|Any CPU
		Release|Any CPU = Release|Any CPU
	EndGlobalSection
	GlobalSection(ProjectConfigurationPlatforms) = postSolution
		{1E05A485-CE84-4C7A-A749-61F8299981E5}.Debug|Any CPU.ActiveCfg = Debug|Any CPU
		{1E05A485-CE84-4C7A-A749-61F8299981E5}.Debug|Any CPU.Build.0 = Debug|Any CPU
		{1E05A485-CE84-4C7A-A749-61F8299981E5}.Release|Any CPU.ActiveCfg = Release|Any CPU
		{1E05A485-CE84-4C7A-A749-61F8299981E5}.Release|Any CPU.Build.0 = Release|Any CPU
	EndGlobalSection
	GlobalSection(SolutionProperties) = preSolution
		HideSolutionNode = FALSE
	EndGlobalSection
	GlobalSection(ExtensibilityGlobals) = postSolution
		SolutionGuid = {453A1640-7741-4E92-A932-874AAA3918CB}
	EndGlobalSection
EndGlobal
